PODS:
  - EigenCPPCocoa (3.4.0)
  - scsdk (1.0.0):
    - EigenCPPCocoa (~> 3.4.0)

DEPENDENCIES:
  - scsdk (from `scsdk/`)

SPEC REPOS:
  https://github.com/CocoaPods/Specs.git:
    - EigenCPPCocoa

EXTERNAL SOURCES:
  scsdk:
    :path: scsdk/

SPEC CHECKSUMS:
  EigenCPPCocoa: 4b79c92db8d6e634c34e28e3cf5e97ba1ab100b5
  scsdk: 8bdcc08321923d9b4b0f3766b265c2091e70966b

PODFILE CHECKSUM: 855f6d6ef41d7020fd797538aa68a79411810167

COCOAPODS: 1.16.2
